
Microsoft Visual Studio Solution File, Format Version 12.00
# Visual Studio Version 16
VisualStudioVersion = 16.0.31624.102
MinimumVisualStudioVersion = 10.0.40219.1
Project("{2150E333-8FDC-42A3-9474-1A3956D46DE8}") = "Source", "Source", "{149E2982-37AD-4299-A4F3-D9194CD9E61B}"
EndProject
Project("{2150E333-8FDC-42A3-9474-1A3956D46DE8}") = "WebApi", "WebApi", "{C1D25FB5-5FAC-480A-AF35-C4A65CAF7F74}"
EndProject
Project("{FAE04EC0-301F-11D3-BF4B-00C04F79EFBC}") = "VBooX.WebApi", "VBooX\VBooX.WebApi\VBooX.WebApi.csproj", "{90ED0086-70B4-477A-AD9B-0D12D049DF15}"
EndProject
Project("{2150E333-8FDC-42A3-9474-1A3956D46DE8}") = "Core", "Core", "{6BB272F4-D17A-4A8A-8F48-4A542E79DB3D}"
EndProject
Project("{FAE04EC0-301F-11D3-BF4B-00C04F79EFBC}") = "VBooX.Application", "VBooX\VBooX.Application\VBooX.Application.csproj", "{5F41A54B-1A34-48DF-A613-F23286F6C8C8}"
EndProject
Project("{FAE04EC0-301F-11D3-BF4B-00C04F79EFBC}") = "VBooX.Domain", "VBooX\VBooX.Domain\VBooX.Domain.csproj", "{A5EC2208-C226-4477-A2CD-84312BB0ECB7}"
EndProject
Project("{2150E333-8FDC-42A3-9474-1A3956D46DE8}") = "Infrastructure", "Infrastructure", "{1F3F5199-12E0-40D1-9A1B-AAEE2790FC45}"
EndProject
Project("{FAE04EC0-301F-11D3-BF4B-00C04F79EFBC}") = "VBooX.Infrastructure.Identity", "VBooX\VBooX.Infrastructure.Identity\VBooX.Infrastructure.Identity.csproj", "{6A41CB14-16E4-415F-807A-0C26825590D7}"
EndProject
Project("{FAE04EC0-301F-11D3-BF4B-00C04F79EFBC}") = "VBooX.Infrastructure.Persistence", "VBooX\VBooX.Infrastructure.Persistence\VBooX.Infrastructure.Persistence.csproj", "{3C702769-7B8E-4C33-B579-B7D9BBDF54CE}"
EndProject
Project("{FAE04EC0-301F-11D3-BF4B-00C04F79EFBC}") = "VBooX.Infrastructure.Shared", "VBooX\VBooX.Infrastructure.Shared\VBooX.Infrastructure.Shared.csproj", "{2C2B84D7-94F5-4ABE-A348-4FE6A40D3E39}"
EndProject
Project("{2150E333-8FDC-42A3-9474-1A3956D46DE8}") = "WebUI", "WebUI", "{6496BB21-8765-48EA-9B08-5DD84017AE09}"
EndProject
Project("{FAE04EC0-301F-11D3-BF4B-00C04F79EFBC}") = "VBooX.WebUI", "VBooX.WebUI\VBooX.WebUI.csproj", "{3DEF7EC5-13A6-423B-921E-99297D613977}"
EndProject
Global
	GlobalSection(SolutionConfigurationPlatforms) = preSolution
		Debug|Any CPU = Debug|Any CPU
		Release|Any CPU = Release|Any CPU
	EndGlobalSection
	GlobalSection(ProjectConfigurationPlatforms) = postSolution
		{90ED0086-70B4-477A-AD9B-0D12D049DF15}.Debug|Any CPU.ActiveCfg = Debug|Any CPU
		{90ED0086-70B4-477A-AD9B-0D12D049DF15}.Debug|Any CPU.Build.0 = Debug|Any CPU
		{90ED0086-70B4-477A-AD9B-0D12D049DF15}.Release|Any CPU.ActiveCfg = Release|Any CPU
		{90ED0086-70B4-477A-AD9B-0D12D049DF15}.Release|Any CPU.Build.0 = Release|Any CPU
		{5F41A54B-1A34-48DF-A613-F23286F6C8C8}.Debug|Any CPU.ActiveCfg = Debug|Any CPU
		{5F41A54B-1A34-48DF-A613-F23286F6C8C8}.Debug|Any CPU.Build.0 = Debug|Any CPU
		{5F41A54B-1A34-48DF-A613-F23286F6C8C8}.Release|Any CPU.ActiveCfg = Release|Any CPU
		{5F41A54B-1A34-48DF-A613-F23286F6C8C8}.Release|Any CPU.Build.0 = Release|Any CPU
		{A5EC2208-C226-4477-A2CD-84312BB0ECB7}.Debug|Any CPU.ActiveCfg = Debug|Any CPU
		{A5EC2208-C226-4477-A2CD-84312BB0ECB7}.Debug|Any CPU.Build.0 = Debug|Any CPU
		{A5EC2208-C226-4477-A2CD-84312BB0ECB7}.Release|Any CPU.ActiveCfg = Release|Any CPU
		{A5EC2208-C226-4477-A2CD-84312BB0ECB7}.Release|Any CPU.Build.0 = Release|Any CPU
		{6A41CB14-16E4-415F-807A-0C26825590D7}.Debug|Any CPU.ActiveCfg = Debug|Any CPU
		{6A41CB14-16E4-415F-807A-0C26825590D7}.Debug|Any CPU.Build.0 = Debug|Any CPU
		{6A41CB14-16E4-415F-807A-0C26825590D7}.Release|Any CPU.ActiveCfg = Release|Any CPU
		{6A41CB14-16E4-415F-807A-0C26825590D7}.Release|Any CPU.Build.0 = Release|Any CPU
		{3C702769-7B8E-4C33-B579-B7D9BBDF54CE}.Debug|Any CPU.ActiveCfg = Debug|Any CPU
		{3C702769-7B8E-4C33-B579-B7D9BBDF54CE}.Debug|Any CPU.Build.0 = Debug|Any CPU
		{3C702769-7B8E-4C33-B579-B7D9BBDF54CE}.Release|Any CPU.ActiveCfg = Release|Any CPU
		{3C702769-7B8E-4C33-B579-B7D9BBDF54CE}.Release|Any CPU.Build.0 = Release|Any CPU
		{2C2B84D7-94F5-4ABE-A348-4FE6A40D3E39}.Debug|Any CPU.ActiveCfg = Debug|Any CPU
		{2C2B84D7-94F5-4ABE-A348-4FE6A40D3E39}.Debug|Any CPU.Build.0 = Debug|Any CPU
		{2C2B84D7-94F5-4ABE-A348-4FE6A40D3E39}.Release|Any CPU.ActiveCfg = Release|Any CPU
		{2C2B84D7-94F5-4ABE-A348-4FE6A40D3E39}.Release|Any CPU.Build.0 = Release|Any CPU
		{3DEF7EC5-13A6-423B-921E-99297D613977}.Debug|Any CPU.ActiveCfg = Debug|Any CPU
		{3DEF7EC5-13A6-423B-921E-99297D613977}.Debug|Any CPU.Build.0 = Debug|Any CPU
		{3DEF7EC5-13A6-423B-921E-99297D613977}.Release|Any CPU.ActiveCfg = Release|Any CPU
		{3DEF7EC5-13A6-423B-921E-99297D613977}.Release|Any CPU.Build.0 = Release|Any CPU
	EndGlobalSection
	GlobalSection(SolutionProperties) = preSolution
		HideSolutionNode = FALSE
	EndGlobalSection
	GlobalSection(NestedProjects) = preSolution
		{C1D25FB5-5FAC-480A-AF35-C4A65CAF7F74} = {149E2982-37AD-4299-A4F3-D9194CD9E61B}
		{90ED0086-70B4-477A-AD9B-0D12D049DF15} = {C1D25FB5-5FAC-480A-AF35-C4A65CAF7F74}
		{6BB272F4-D17A-4A8A-8F48-4A542E79DB3D} = {149E2982-37AD-4299-A4F3-D9194CD9E61B}
		{5F41A54B-1A34-48DF-A613-F23286F6C8C8} = {6BB272F4-D17A-4A8A-8F48-4A542E79DB3D}
		{A5EC2208-C226-4477-A2CD-84312BB0ECB7} = {6BB272F4-D17A-4A8A-8F48-4A542E79DB3D}
		{1F3F5199-12E0-40D1-9A1B-AAEE2790FC45} = {149E2982-37AD-4299-A4F3-D9194CD9E61B}
		{6A41CB14-16E4-415F-807A-0C26825590D7} = {1F3F5199-12E0-40D1-9A1B-AAEE2790FC45}
		{3C702769-7B8E-4C33-B579-B7D9BBDF54CE} = {1F3F5199-12E0-40D1-9A1B-AAEE2790FC45}
		{2C2B84D7-94F5-4ABE-A348-4FE6A40D3E39} = {1F3F5199-12E0-40D1-9A1B-AAEE2790FC45}
		{6496BB21-8765-48EA-9B08-5DD84017AE09} = {149E2982-37AD-4299-A4F3-D9194CD9E61B}
		{3DEF7EC5-13A6-423B-921E-99297D613977} = {6496BB21-8765-48EA-9B08-5DD84017AE09}
	EndGlobalSection
	GlobalSection(ExtensibilityGlobals) = postSolution
		SolutionGuid = {5F0C98D9-4216-4D6C-B52A-B321DDA41BA4}
	EndGlobalSection
EndGlobal
